
Microsoft Visual Studio Solution File, Format Version 12.00
# Visual Studio Version 16
VisualStudioVersion = 16.0.31205.134
MinimumVisualStudioVersion = 10.0.40219.1
Project("{FAE04EC0-301F-11D3-BF4B-00C04F79EFBC}") = "TodoApi", "TodoApi.csproj", "{7565FC4F-8440-4E7E-A70A-BAB583AA5383}"
EndProject
Global
	GlobalSection(SolutionConfigurationPlatforms) = preSolution
		Debug|Any CPU = Debug|Any CPU
		Release|Any CPU = Release|Any CPU
	EndGlobalSection
	GlobalSection(ProjectConfigurationPlatforms) = postSolution
		{7565FC4F-8440-4E7E-A70A-BAB583AA5383}.Debug|Any CPU.ActiveCfg = Debug|Any CPU
		{7565FC4F-8440-4E7E-A70A-BAB583AA5383}.Debug|Any CPU.Build.0 = Debug|Any CPU
		{7565FC4F-8440-4E7E-A70A-BAB583AA5383}.Release|Any CPU.ActiveCfg = Release|Any CPU
		{7565FC4F-8440-4E7E-A70A-BAB583AA5383}.Release|Any CPU.Build.0 = Release|Any CPU
	EndGlobalSection
	GlobalSection(SolutionProperties) = preSolution
		HideSolutionNode = FALSE
	EndGlobalSection
	GlobalSection(ExtensibilityGlobals) = postSolution
		SolutionGuid = {CF53339C-7354-40BD-A650-ED8DAE63E21A}
	EndGlobalSection
EndGlobal
